// !$*UTF8*$!
{
	archiveVersion = 1;
	classes = {
	};
	objectVersion = 48;
	objects = {

/* Begin PBXBuildFile section */
		1656076D20358DAF00366E66 /* User.swift in Sources */ = {isa = PBXBuildFile; fileRef = 1656076C20358DAF00366E66 /* User.swift */; };
		1656077020358F5D00366E66 /* SignInViewDelegate.swift in Sources */ = {isa = PBXBuildFile; fileRef = 1656076F20358F5D00366E66 /* SignInViewDelegate.swift */; };
		1656077220358F8100366E66 /* SignUpViewDelegate.swift in Sources */ = {isa = PBXBuildFile; fileRef = 1656077120358F8100366E66 /* SignUpViewDelegate.swift */; };
		16F653DE2035862D00D1613D /* AppDelegate.swift in Sources */ = {isa = PBXBuildFile; fileRef = 16F653DD2035862D00D1613D /* AppDelegate.swift */; };
		16F653E02035862D00D1613D /* LoginViewController.swift in Sources */ = {isa = PBXBuildFile; fileRef = 16F653DF2035862D00D1613D /* LoginViewController.swift */; };
		16F653E32035862D00D1613D /* Main.storyboard in Resources */ = {isa = PBXBuildFile; fileRef = 16F653E12035862D00D1613D /* Main.storyboard */; };
		16F653E52035862D00D1613D /* Assets.xcassets in Resources */ = {isa = PBXBuildFile; fileRef = 16F653E42035862D00D1613D /* Assets.xcassets */; };
		16F653E82035862D00D1613D /* LaunchScreen.storyboard in Resources */ = {isa = PBXBuildFile; fileRef = 16F653E62035862D00D1613D /* LaunchScreen.storyboard */; };
/* End PBXBuildFile section */

/* Begin PBXFileReference section */
		1656076C20358DAF00366E66 /* User.swift */ = {isa = PBXFileReference; lastKnownFileType = sourcecode.swift; path = User.swift; sourceTree = "<group>"; };
		1656076F20358F5D00366E66 /* SignInViewDelegate.swift */ = {isa = PBXFileReference; lastKnownFileType = sourcecode.swift; path = SignInViewDelegate.swift; sourceTree = "<group>"; };
		1656077120358F8100366E66 /* SignUpViewDelegate.swift */ = {isa = PBXFileReference; lastKnownFileType = sourcecode.swift; path = SignUpViewDelegate.swift; sourceTree = "<group>"; };
		16F653DA2035862D00D1613D /* WinterCamp.app */ = {isa = PBXFileReference; explicitFileType = wrapper.application; includeInIndex = 0; path = WinterCamp.app; sourceTree = BUILT_PRODUCTS_DIR; };
		16F653DD2035862D00D1613D /* AppDelegate.swift */ = {isa = PBXFileReference; lastKnownFileType = sourcecode.swift; path = AppDelegate.swift; sourceTree = "<group>"; };
		16F653DF2035862D00D1613D /* LoginViewController.swift */ = {isa = PBXFileReference; lastKnownFileType = sourcecode.swift; path = LoginViewController.swift; sourceTree = "<group>"; };
		16F653E22035862D00D1613D /* Base */ = {isa = PBXFileReference; lastKnownFileType = file.storyboard; name = Base; path = Base.lproj/Main.storyboard; sourceTree = "<group>"; };
		16F653E42035862D00D1613D /* Assets.xcassets */ = {isa = PBXFileReference; lastKnownFileType = folder.assetcatalog; path = Assets.xcassets; sourceTree = "<group>"; };
		16F653E72035862D00D1613D /* Base */ = {isa = PBXFileReference; lastKnownFileType = file.storyboard; name = Base; path = Base.lproj/LaunchScreen.storyboard; sourceTree = "<group>"; };
		16F653E92035862D00D1613D /* Info.plist */ = {isa = PBXFileReference; lastKnownFileType = text.plist.xml; path = Info.plist; sourceTree = "<group>"; };
/* End PBXFileReference section */

/* Begin PBXFrameworksBuildPhase section */
		16F653D72035862D00D1613D /* Frameworks */ = {
			isa = PBXFrameworksBuildPhase;
			buildActionMask = 2147483647;
			files = (
			);
			runOnlyForDeploymentPostprocessing = 0;
		};
/* End PBXFrameworksBuildPhase section */

/* Begin PBXGroup section */
		1656076920358C5F00366E66 /* model */ = {
			isa = PBXGroup;
			children = (
				1656076C20358DAF00366E66 /* User.swift */,
			);
			path = model;
			sourceTree = "<group>";
		};
		1656076A20358D0200366E66 /* controler */ = {
			isa = PBXGroup;
			children = (
				16F653DF2035862D00D1613D /* LoginViewController.swift */,
			);
			path = controler;
			sourceTree = "<group>";
		};
		1656076B20358D0E00366E66 /* view */ = {
			isa = PBXGroup;
			children = (
			);
			path = view;
			sourceTree = "<group>";
		};
		1656076E20358F5000366E66 /* delegate */ = {
			isa = PBXGroup;
			children = (
				1656076F20358F5D00366E66 /* SignInViewDelegate.swift */,
				1656077120358F8100366E66 /* SignUpViewDelegate.swift */,
			);
			path = delegate;
			sourceTree = "<group>";
		};
		16F653D12035862D00D1613D = {
			isa = PBXGroup;
			children = (
				16F653DC2035862D00D1613D /* WinterCamp */,
				16F653DB2035862D00D1613D /* Products */,
			);
			sourceTree = "<group>";
		};
		16F653DB2035862D00D1613D /* Products */ = {
			isa = PBXGroup;
			children = (
				16F653DA2035862D00D1613D /* WinterCamp.app */,
			);
			name = Products;
			sourceTree = "<group>";
		};
		16F653DC2035862D00D1613D /* WinterCamp */ = {
			isa = PBXGroup;
			children = (
				1656076E20358F5000366E66 /* delegate */,
				1656076B20358D0E00366E66 /* view */,
				1656076A20358D0200366E66 /* controler */,
				1656076920358C5F00366E66 /* model */,
				16F653DD2035862D00D1613D /* AppDelegate.swift */,
				16F653E12035862D00D1613D /* Main.storyboard */,
				16F653E42035862D00D1613D /* Assets.xcassets */,
				16F653E62035862D00D1613D /* LaunchScreen.storyboard */,
				16F653E92035862D00D1613D /* Info.plist */,
			);
			path = WinterCamp;
			sourceTree = "<group>";
		};
/* End PBXGroup section */

/* Begin PBXNativeTarget section */
		16F653D92035862D00D1613D /* WinterCamp */ = {
			isa = PBXNativeTarget;
			buildConfigurationList = 16F653EC2035862D00D1613D /* Build configuration list for PBXNativeTarget "WinterCamp" */;
			buildPhases = (
				16F653D62035862D00D1613D /* Sources */,
				16F653D72035862D00D1613D /* Frameworks */,
				16F653D82035862D00D1613D /* Resources */,
			);
			buildRules = (
			);
			dependencies = (
			);
			name = WinterCamp;
			productName = WinterCamp;
			productReference = 16F653DA2035862D00D1613D /* WinterCamp.app */;
			productType = "com.apple.product-type.application";
		};
/* End PBXNativeTarget section */

/* Begin PBXProject section */
		16F653D22035862D00D1613D /* Project object */ = {
			isa = PBXProject;
			attributes = {
				LastSwiftUpdateCheck = 0920;
				LastUpgradeCheck = 0920;
				ORGANIZATIONNAME = "Julien Luccioni";
				TargetAttributes = {
					16F653D92035862D00D1613D = {
						CreatedOnToolsVersion = 9.2;
						ProvisioningStyle = Automatic;
					};
				};
			};
			buildConfigurationList = 16F653D52035862D00D1613D /* Build configuration list for PBXProject "WinterCamp" */;
			compatibilityVersion = "Xcode 8.0";
			developmentRegion = en;
			hasScannedForEncodings = 0;
			knownRegions = (
				en,
				Base,
			);
			mainGroup = 16F653D12035862D00D1613D;
			productRefGroup = 16F653DB2035862D00D1613D /* Products */;
			projectDirPath = "";
			projectRoot = "";
			targets = (
				16F653D92035862D00D1613D /* WinterCamp */,
			);
		};
/* End PBXProject section */

/* Begin PBXResourcesBuildPhase section */
		16F653D82035862D00D1613D /* Resources */ = {
			isa = PBXResourcesBuildPhase;
			buildActionMask = 2147483647;
			files = (
				16F653E82035862D00D1613D /* LaunchScreen.storyboard in Resources */,
				16F653E52035862D00D1613D /* Assets.xcassets in Resources */,
				16F653E32035862D00D1613D /* Main.storyboard in Resources */,
			);
			runOnlyForDeploymentPostprocessing = 0;
		};
/* End PBXResourcesBuildPhase section */

/* Begin PBXSourcesBuildPhase section */
		16F653D62035862D00D1613D /* Sources */ = {
			isa = PBXSourcesBuildPhase;
			buildActionMask = 2147483647;
			files = (
				1656077220358F8100366E66 /* SignUpViewDelegate.swift in Sources */,
				16F653E02035862D00D1613D /* LoginViewController.swift in Sources */,
				1656077020358F5D00366E66 /* SignInViewDelegate.swift in Sources */,
				16F653DE2035862D00D1613D /* AppDelegate.swift in Sources */,
				1656076D20358DAF00366E66 /* User.swift in Sources */,
			);
			runOnlyForDeploymentPostprocessing = 0;
		};
/* End PBXSourcesBuildPhase section */

/* Begin PBXVariantGroup section */
		16F653E12035862D00D1613D /* Main.storyboard */ = {
			isa = PBXVariantGroup;
			children = (
				16F653E22035862D00D1613D /* Base */,
			);
			name = Main.storyboard;
			sourceTree = "<group>";
		};
		16F653E62035862D00D1613D /* LaunchScreen.storyboard */ = {
			isa = PBXVariantGroup;
			children = (
				16F653E72035862D00D1613D /* Base */,
			);
			name = LaunchScreen.storyboard;
			sourceTree = "<group>";
		};
/* End PBXVariantGroup section */

/* Begin XCBuildConfiguration section */
		16F653EA2035862D00D1613D /* Debug */ = {
			isa = XCBuildConfiguration;
			buildSettings = {
				ALWAYS_SEARCH_USER_PATHS = NO;
				CLANG_ANALYZER_NONNULL = YES;
				CLANG_ANALYZER_NUMBER_OBJECT_CONVERSION = YES_AGGRESSIVE;
				CLANG_CXX_LANGUAGE_STANDARD = "gnu++14";
				CLANG_CXX_LIBRARY = "libc++";
				CLANG_ENABLE_MODULES = YES;
				CLANG_ENABLE_OBJC_ARC = YES;
				CLANG_WARN_BLOCK_CAPTURE_AUTORELEASING = YES;
				CLANG_WARN_BOOL_CONVERSION = YES;
				CLANG_WARN_COMMA = YES;
				CLANG_WARN_CONSTANT_CONVERSION = YES;
				CLANG_WARN_DIRECT_OBJC_ISA_USAGE = YES_ERROR;
				CLANG_WARN_DOCUMENTATION_COMMENTS = YES;
				CLANG_WARN_EMPTY_BODY = YES;
				CLANG_WARN_ENUM_CONVERSION = YES;
				CLANG_WARN_INFINITE_RECURSION = YES;
				CLANG_WARN_INT_CONVERSION = YES;
				CLANG_WARN_NON_LITERAL_NULL_CONVERSION = YES;
				CLANG_WARN_OBJC_LITERAL_CONVERSION = YES;
				CLANG_WARN_OBJC_ROOT_CLASS = YES_ERROR;
				CLANG_WARN_RANGE_LOOP_ANALYSIS = YES;
				CLANG_WARN_STRICT_PROTOTYPES = YES;
				CLANG_WARN_SUSPICIOUS_MOVE = YES;
				CLANG_WARN_UNGUARDED_AVAILABILITY = YES_AGGRESSIVE;
				CLANG_WARN_UNREACHABLE_CODE = YES;
				CLANG_WARN__DUPLICATE_METHOD_MATCH = YES;
				CODE_SIGN_IDENTITY = "iPhone Developer";
				COPY_PHASE_STRIP = NO;
				DEBUG_INFORMATION_FORMAT = dwarf;
				ENABLE_STRICT_OBJC_MSGSEND = YES;
				ENABLE_TESTABILITY = YES;
				GCC_C_LANGUAGE_STANDARD = gnu11;
				GCC_DYNAMIC_NO_PIC = NO;
				GCC_NO_COMMON_BLOCKS = YES;
				GCC_OPTIMIZATION_LEVEL = 0;
				GCC_PREPROCESSOR_DEFINITIONS = (
					"DEBUG=1",
					"$(inherited)",
				);
				GCC_WARN_64_TO_32_BIT_CONVERSION = YES;
				GCC_WARN_ABOUT_RETURN_TYPE = YES_ERROR;
				GCC_WARN_UNDECLARED_SELECTOR = YES;
				GCC_WARN_UNINITIALIZED_AUTOS = YES_AGGRESSIVE;
				GCC_WARN_UNUSED_FUNCTION = YES;
				GCC_WARN_UNUSED_VARIABLE = YES;
				IPHONEOS_DEPLOYMENT_TARGET = 11.2;
				MTL_ENABLE_DEBUG_INFO = YES;
				ONLY_ACTIVE_ARCH = YES;
				SDKROOT = iphoneos;
				SWIFT_ACTIVE_COMPILATION_CONDITIONS = DEBUG;
				SWIFT_OPTIMIZATION_LEVEL = "-Onone";
			};
			name = Debug;
		};
		16F653EB2035862D00D1613D /* Release */ = {
			isa = XCBuildConfiguration;
			buildSettings = {
				ALWAYS_SEARCH_USER_PATHS = NO;
				CLANG_ANALYZER_NONNULL = YES;
				CLANG_ANALYZER_NUMBER_OBJECT_CONVERSION = YES_AGGRESSIVE;
				CLANG_CXX_LANGUAGE_STANDARD = "gnu++14";
				CLANG_CXX_LIBRARY = "libc++";
				CLANG_ENABLE_MODULES = YES;
				CLANG_ENABLE_OBJC_ARC = YES;
				CLANG_WARN_BLOCK_CAPTURE_AUTORELEASING = YES;
				CLANG_WARN_BOOL_CONVERSION = YES;
				CLANG_WARN_COMMA = YES;
				CLANG_WARN_CONSTANT_CONVERSION = YES;
				CLANG_WARN_DIRECT_OBJC_ISA_USAGE = YES_ERROR;
				CLANG_WARN_DOCUMENTATION_COMMENTS = YES;
				CLANG_WARN_EMPTY_BODY = YES;
				CLANG_WARN_ENUM_CONVERSION = YES;
				CLANG_WARN_INFINITE_RECURSION = YES;
				CLANG_WARN_INT_CONVERSION = YES;
				CLANG_WARN_NON_LITERAL_NULL_CONVERSION = YES;
				CLANG_WARN_OBJC_LITERAL_CONVERSION = YES;
				CLANG_WARN_OBJC_ROOT_CLASS = YES_ERROR;
				CLANG_WARN_RANGE_LOOP_ANALYSIS = YES;
				CLANG_WARN_STRICT_PROTOTYPES = YES;
				CLANG_WARN_SUSPICIOUS_MOVE = YES;
				CLANG_WARN_UNGUARDED_AVAILABILITY = YES_AGGRESSIVE;
				CLANG_WARN_UNREACHABLE_CODE = YES;
				CLANG_WARN__DUPLICATE_METHOD_MATCH = YES;
				CODE_SIGN_IDENTITY = "iPhone Developer";
				COPY_PHASE_STRIP = NO;
				DEBUG_INFORMATION_FORMAT = "dwarf-with-dsym";
				ENABLE_NS_ASSERTIONS = NO;
				ENABLE_STRICT_OBJC_MSGSEND = YES;
				GCC_C_LANGUAGE_STANDARD = gnu11;
				GCC_NO_COMMON_BLOCKS = YES;
				GCC_WARN_64_TO_32_BIT_CONVERSION = YES;
				GCC_WARN_ABOUT_RETURN_TYPE = YES_ERROR;
				GCC_WARN_UNDECLARED_SELECTOR = YES;
				GCC_WARN_UNINITIALIZED_AUTOS = YES_AGGRESSIVE;
				GCC_WARN_UNUSED_FUNCTION = YES;
				GCC_WARN_UNUSED_VARIABLE = YES;
				IPHONEOS_DEPLOYMENT_TARGET = 11.2;
				MTL_ENABLE_DEBUG_INFO = NO;
				SDKROOT = iphoneos;
				SWIFT_OPTIMIZATION_LEVEL = "-Owholemodule";
				VALIDATE_PRODUCT = YES;
			};
			name = Release;
		};
		16F653ED2035862D00D1613D /* Debug */ = {
			isa = XCBuildConfiguration;
			buildSettings = {
				ASSETCATALOG_COMPILER_APPICON_NAME = AppIcon;
				CODE_SIGN_STYLE = Automatic;
				INFOPLIST_FILE = WinterCamp/Info.plist;
				LD_RUNPATH_SEARCH_PATHS = "$(inherited) @executable_path/Frameworks";
				PRODUCT_BUNDLE_IDENTIFIER = VizegrafIndie.WinterCamp;
				PRODUCT_NAME = "$(TARGET_NAME)";
				SWIFT_VERSION = 4.0;
				TARGETED_DEVICE_FAMILY = "1,2";
			};
			name = Debug;
		};
		16F653EE2035862D00D1613D /* Release */ = {
			isa = XCBuildConfiguration;
			buildSettings = {
				ASSETCATALOG_COMPILER_APPICON_NAME = AppIcon;
				CODE_SIGN_STYLE = Automatic;
				INFOPLIST_FILE = WinterCamp/Info.plist;
				LD_RUNPATH_SEARCH_PATHS = "$(inherited) @executable_path/Frameworks";
				PRODUCT_BUNDLE_IDENTIFIER = VizegrafIndie.WinterCamp;
				PRODUCT_NAME = "$(TARGET_NAME)";
				SWIFT_VERSION = 4.0;
				TARGETED_DEVICE_FAMILY = "1,2";
			};
			name = Release;
		};
/* End XCBuildConfiguration section */

/* Begin XCConfigurationList section */
		16F653D52035862D00D1613D /* Build configuration list for PBXProject "WinterCamp" */ = {
			isa = XCConfigurationList;
			buildConfigurations = (
				16F653EA2035862D00D1613D /* Debug */,
				16F653EB2035862D00D1613D /* Release */,
			);
			defaultConfigurationIsVisible = 0;
			defaultConfigurationName = Release;
		};
		16F653EC2035862D00D1613D /* Build configuration list for PBXNativeTarget "WinterCamp" */ = {
			isa = XCConfigurationList;
			buildConfigurations = (
				16F653ED2035862D00D1613D /* Debug */,
				16F653EE2035862D00D1613D /* Release */,
			);
			defaultConfigurationIsVisible = 0;
			defaultConfigurationName = Release;
		};
/* End XCConfigurationList section */
	};
	rootObject = 16F653D22035862D00D1613D /* Project object */;
}
